// !$*UTF8*$!
{
	archiveVersion = 1;
	classes = {
	};
	objectVersion = 50;
	objects = {

/* Begin PBXBuildFile section */
		9EDDA500216F9C0400E2B354 /* AppDelegate.swift in Sources */ = {isa = PBXBuildFile; fileRef = 9EDDA4FF216F9C0400E2B354 /* AppDelegate.swift */; };
		9EDDA502216F9C0400E2B354 /* ViewController.swift in Sources */ = {isa = PBXBuildFile; fileRef = 9EDDA501216F9C0400E2B354 /* ViewController.swift */; };
		9EDDA504216F9C0400E2B354 /* Document.swift in Sources */ = {isa = PBXBuildFile; fileRef = 9EDDA503216F9C0400E2B354 /* Document.swift */; };
		9EDDA506216F9C0600E2B354 /* Assets.xcassets in Resources */ = {isa = PBXBuildFile; fileRef = 9EDDA505216F9C0600E2B354 /* Assets.xcassets */; };
		9EDDA509216F9C0600E2B354 /* Main.storyboard in Resources */ = {isa = PBXBuildFile; fileRef = 9EDDA507216F9C0600E2B354 /* Main.storyboard */; };
/* End PBXBuildFile section */

/* Begin PBXFileReference section */
		9EDDA4FC216F9C0400E2B354 /* vocalTextEdit.app */ = {isa = PBXFileReference; explicitFileType = wrapper.application; includeInIndex = 0; path = vocalTextEdit.app; sourceTree = BUILT_PRODUCTS_DIR; };
		9EDDA4FF216F9C0400E2B354 /* AppDelegate.swift */ = {isa = PBXFileReference; lastKnownFileType = sourcecode.swift; path = AppDelegate.swift; sourceTree = "<group>"; };
		9EDDA501216F9C0400E2B354 /* ViewController.swift */ = {isa = PBXFileReference; lastKnownFileType = sourcecode.swift; path = ViewController.swift; sourceTree = "<group>"; };
		9EDDA503216F9C0400E2B354 /* Document.swift */ = {isa = PBXFileReference; lastKnownFileType = sourcecode.swift; path = Document.swift; sourceTree = "<group>"; };
		9EDDA505216F9C0600E2B354 /* Assets.xcassets */ = {isa = PBXFileReference; lastKnownFileType = folder.assetcatalog; path = Assets.xcassets; sourceTree = "<group>"; };
		9EDDA508216F9C0600E2B354 /* Base */ = {isa = PBXFileReference; lastKnownFileType = file.storyboard; name = Base; path = Base.lproj/Main.storyboard; sourceTree = "<group>"; };
		9EDDA50A216F9C0600E2B354 /* Info.plist */ = {isa = PBXFileReference; lastKnownFileType = text.plist.xml; path = Info.plist; sourceTree = "<group>"; };
		9EDDA50B216F9C0600E2B354 /* vocalTextEdit.entitlements */ = {isa = PBXFileReference; lastKnownFileType = text.plist.entitlements; path = vocalTextEdit.entitlements; sourceTree = "<group>"; };
/* End PBXFileReference section */

/* Begin PBXFrameworksBuildPhase section */
		9EDDA4F9216F9C0400E2B354 /* Frameworks */ = {
			isa = PBXFrameworksBuildPhase;
			buildActionMask = 2147483647;
			files = (
			);
			runOnlyForDeploymentPostprocessing = 0;
		};
/* End PBXFrameworksBuildPhase section */

/* Begin PBXGroup section */
		9EDDA4F3216F9C0400E2B354 = {
			isa = PBXGroup;
			children = (
				9EDDA4FE216F9C0400E2B354 /* vocalTextEdit */,
				9EDDA4FD216F9C0400E2B354 /* Products */,
			);
			sourceTree = "<group>";
		};
		9EDDA4FD216F9C0400E2B354 /* Products */ = {
			isa = PBXGroup;
			children = (
				9EDDA4FC216F9C0400E2B354 /* vocalTextEdit.app */,
			);
			name = Products;
			sourceTree = "<group>";
		};
		9EDDA4FE216F9C0400E2B354 /* vocalTextEdit */ = {
			isa = PBXGroup;
			children = (
				9EDDA4FF216F9C0400E2B354 /* AppDelegate.swift */,
				9EDDA501216F9C0400E2B354 /* ViewController.swift */,
				9EDDA503216F9C0400E2B354 /* Document.swift */,
				9EDDA505216F9C0600E2B354 /* Assets.xcassets */,
				9EDDA507216F9C0600E2B354 /* Main.storyboard */,
				9EDDA50A216F9C0600E2B354 /* Info.plist */,
				9EDDA50B216F9C0600E2B354 /* vocalTextEdit.entitlements */,
			);
			path = vocalTextEdit;
			sourceTree = "<group>";
		};
/* End PBXGroup section */

/* Begin PBXNativeTarget section */
		9EDDA4FB216F9C0400E2B354 /* vocalTextEdit */ = {
			isa = PBXNativeTarget;
			buildConfigurationList = 9EDDA50E216F9C0600E2B354 /* Build configuration list for PBXNativeTarget "vocalTextEdit" */;
			buildPhases = (
				9EDDA4F8216F9C0400E2B354 /* Sources */,
				9EDDA4F9216F9C0400E2B354 /* Frameworks */,
				9EDDA4FA216F9C0400E2B354 /* Resources */,
			);
			buildRules = (
			);
			dependencies = (
			);
			name = vocalTextEdit;
			productName = vocalTextEdit;
			productReference = 9EDDA4FC216F9C0400E2B354 /* vocalTextEdit.app */;
			productType = "com.apple.product-type.application";
		};
/* End PBXNativeTarget section */

/* Begin PBXProject section */
		9EDDA4F4216F9C0400E2B354 /* Project object */ = {
			isa = PBXProject;
			attributes = {
				LastSwiftUpdateCheck = 1000;
				LastUpgradeCheck = 1000;
				ORGANIZATIONNAME = tmd;
				TargetAttributes = {
					9EDDA4FB216F9C0400E2B354 = {
						CreatedOnToolsVersion = 10.0;
					};
				};
			};
			buildConfigurationList = 9EDDA4F7216F9C0400E2B354 /* Build configuration list for PBXProject "vocalTextEdit" */;
			compatibilityVersion = "Xcode 9.3";
			developmentRegion = en;
			hasScannedForEncodings = 0;
			knownRegions = (
				en,
				Base,
			);
			mainGroup = 9EDDA4F3216F9C0400E2B354;
			productRefGroup = 9EDDA4FD216F9C0400E2B354 /* Products */;
			projectDirPath = "";
			projectRoot = "";
			targets = (
				9EDDA4FB216F9C0400E2B354 /* vocalTextEdit */,
			);
		};
/* End PBXProject section */

/* Begin PBXResourcesBuildPhase section */
		9EDDA4FA216F9C0400E2B354 /* Resources */ = {
			isa = PBXResourcesBuildPhase;
			buildActionMask = 2147483647;
			files = (
				9EDDA506216F9C0600E2B354 /* Assets.xcassets in Resources */,
				9EDDA509216F9C0600E2B354 /* Main.storyboard in Resources */,
			);
			runOnlyForDeploymentPostprocessing = 0;
		};
/* End PBXResourcesBuildPhase section */

/* Begin PBXSourcesBuildPhase section */
		9EDDA4F8216F9C0400E2B354 /* Sources */ = {
			isa = PBXSourcesBuildPhase;
			buildActionMask = 2147483647;
			files = (
				9EDDA502216F9C0400E2B354 /* ViewController.swift in Sources */,
				9EDDA500216F9C0400E2B354 /* AppDelegate.swift in Sources */,
				9EDDA504216F9C0400E2B354 /* Document.swift in Sources */,
			);
			runOnlyForDeploymentPostprocessing = 0;
		};
/* End PBXSourcesBuildPhase section */

/* Begin PBXVariantGroup section */
		9EDDA507216F9C0600E2B354 /* Main.storyboard */ = {
			isa = PBXVariantGroup;
			children = (
				9EDDA508216F9C0600E2B354 /* Base */,
			);
			name = Main.storyboard;
			sourceTree = "<group>";
		};
/* End PBXVariantGroup section */

/* Begin XCBuildConfiguration section */
		9EDDA50C216F9C0600E2B354 /* Debug */ = {
			isa = XCBuildConfiguration;
			buildSettings = {
				ALWAYS_SEARCH_USER_PATHS = NO;
				CLANG_ANALYZER_NONNULL = YES;
				CLANG_ANALYZER_NUMBER_OBJECT_CONVERSION = YES_AGGRESSIVE;
				CLANG_CXX_LANGUAGE_STANDARD = "gnu++14";
				CLANG_CXX_LIBRARY = "libc++";
				CLANG_ENABLE_MODULES = YES;
				CLANG_ENABLE_OBJC_ARC = YES;
				CLANG_ENABLE_OBJC_WEAK = YES;
				CLANG_WARN_BLOCK_CAPTURE_AUTORELEASING = YES;
				CLANG_WARN_BOOL_CONVERSION = YES;
				CLANG_WARN_COMMA = YES;
				CLANG_WARN_CONSTANT_CONVERSION = YES;
				CLANG_WARN_DEPRECATED_OBJC_IMPLEMENTATIONS = YES;
				CLANG_WARN_DIRECT_OBJC_ISA_USAGE = YES_ERROR;
				CLANG_WARN_DOCUMENTATION_COMMENTS = YES;
				CLANG_WARN_EMPTY_BODY = YES;
				CLANG_WARN_ENUM_CONVERSION = YES;
				CLANG_WARN_INFINITE_RECURSION = YES;
				CLANG_WARN_INT_CONVERSION = YES;
				CLANG_WARN_NON_LITERAL_NULL_CONVERSION = YES;
				CLANG_WARN_OBJC_IMPLICIT_RETAIN_SELF = YES;
				CLANG_WARN_OBJC_LITERAL_CONVERSION = YES;
				CLANG_WARN_OBJC_ROOT_CLASS = YES_ERROR;
				CLANG_WARN_RANGE_LOOP_ANALYSIS = YES;
				CLANG_WARN_STRICT_PROTOTYPES = YES;
				CLANG_WARN_SUSPICIOUS_MOVE = YES;
				CLANG_WARN_UNGUARDED_AVAILABILITY = YES_AGGRESSIVE;
				CLANG_WARN_UNREACHABLE_CODE = YES;
				CLANG_WARN__DUPLICATE_METHOD_MATCH = YES;
				CODE_SIGN_IDENTITY = "-";
				COPY_PHASE_STRIP = NO;
				DEBUG_INFORMATION_FORMAT = dwarf;
				ENABLE_STRICT_OBJC_MSGSEND = YES;
				ENABLE_TESTABILITY = YES;
				GCC_C_LANGUAGE_STANDARD = gnu11;
				GCC_DYNAMIC_NO_PIC = NO;
				GCC_NO_COMMON_BLOCKS = YES;
				GCC_OPTIMIZATION_LEVEL = 0;
				GCC_PREPROCESSOR_DEFINITIONS = (
					"DEBUG=1",
					"$(inherited)",
				);
				GCC_WARN_64_TO_32_BIT_CONVERSION = YES;
				GCC_WARN_ABOUT_RETURN_TYPE = YES_ERROR;
				GCC_WARN_UNDECLARED_SELECTOR = YES;
				GCC_WARN_UNINITIALIZED_AUTOS = YES_AGGRESSIVE;
				GCC_WARN_UNUSED_FUNCTION = YES;
				GCC_WARN_UNUSED_VARIABLE = YES;
				MACOSX_DEPLOYMENT_TARGET = 10.13;
				MTL_ENABLE_DEBUG_INFO = INCLUDE_SOURCE;
				MTL_FAST_MATH = YES;
				ONLY_ACTIVE_ARCH = YES;
				SDKROOT = macosx;
				SWIFT_ACTIVE_COMPILATION_CONDITIONS = DEBUG;
				SWIFT_OPTIMIZATION_LEVEL = "-Onone";
			};
			name = Debug;
		};
		9EDDA50D216F9C0600E2B354 /* Release */ = {
			isa = XCBuildConfiguration;
			buildSettings = {
				ALWAYS_SEARCH_USER_PATHS = NO;
				CLANG_ANALYZER_NONNULL = YES;
				CLANG_ANALYZER_NUMBER_OBJECT_CONVERSION = YES_AGGRESSIVE;
				CLANG_CXX_LANGUAGE_STANDARD = "gnu++14";
				CLANG_CXX_LIBRARY = "libc++";
				CLANG_ENABLE_MODULES = YES;
				CLANG_ENABLE_OBJC_ARC = YES;
				CLANG_ENABLE_OBJC_WEAK = YES;
				CLANG_WARN_BLOCK_CAPTURE_AUTORELEASING = YES;
				CLANG_WARN_BOOL_CONVERSION = YES;
				CLANG_WARN_COMMA = YES;
				CLANG_WARN_CONSTANT_CONVERSION = YES;
				CLANG_WARN_DEPRECATED_OBJC_IMPLEMENTATIONS = YES;
				CLANG_WARN_DIRECT_OBJC_ISA_USAGE = YES_ERROR;
				CLANG_WARN_DOCUMENTATION_COMMENTS = YES;
				CLANG_WARN_EMPTY_BODY = YES;
				CLANG_WARN_ENUM_CONVERSION = YES;
				CLANG_WARN_INFINITE_RECURSION = YES;
				CLANG_WARN_INT_CONVERSION = YES;
				CLANG_WARN_NON_LITERAL_NULL_CONVERSION = YES;
				CLANG_WARN_OBJC_IMPLICIT_RETAIN_SELF = YES;
				CLANG_WARN_OBJC_LITERAL_CONVERSION = YES;
				CLANG_WARN_OBJC_ROOT_CLASS = YES_ERROR;
				CLANG_WARN_RANGE_LOOP_ANALYSIS = YES;
				CLANG_WARN_STRICT_PROTOTYPES = YES;
				CLANG_WARN_SUSPICIOUS_MOVE = YES;
				CLANG_WARN_UNGUARDED_AVAILABILITY = YES_AGGRESSIVE;
				CLANG_WARN_UNREACHABLE_CODE = YES;
				CLANG_WARN__DUPLICATE_METHOD_MATCH = YES;
				CODE_SIGN_IDENTITY = "-";
				COPY_PHASE_STRIP = NO;
				DEBUG_INFORMATION_FORMAT = "dwarf-with-dsym";
				ENABLE_NS_ASSERTIONS = NO;
				ENABLE_STRICT_OBJC_MSGSEND = YES;
				GCC_C_LANGUAGE_STANDARD = gnu11;
				GCC_NO_COMMON_BLOCKS = YES;
				GCC_WARN_64_TO_32_BIT_CONVERSION = YES;
				GCC_WARN_ABOUT_RETURN_TYPE = YES_ERROR;
				GCC_WARN_UNDECLARED_SELECTOR = YES;
				GCC_WARN_UNINITIALIZED_AUTOS = YES_AGGRESSIVE;
				GCC_WARN_UNUSED_FUNCTION = YES;
				GCC_WARN_UNUSED_VARIABLE = YES;
				MACOSX_DEPLOYMENT_TARGET = 10.13;
				MTL_ENABLE_DEBUG_INFO = NO;
				MTL_FAST_MATH = YES;
				SDKROOT = macosx;
				SWIFT_COMPILATION_MODE = wholemodule;
				SWIFT_OPTIMIZATION_LEVEL = "-O";
			};
			name = Release;
		};
		9EDDA50F216F9C0600E2B354 /* Debug */ = {
			isa = XCBuildConfiguration;
			buildSettings = {
				ASSETCATALOG_COMPILER_APPICON_NAME = AppIcon;
				CODE_SIGN_ENTITLEMENTS = vocalTextEdit/vocalTextEdit.entitlements;
				CODE_SIGN_STYLE = Automatic;
				COMBINE_HIDPI_IMAGES = YES;
				INFOPLIST_FILE = vocalTextEdit/Info.plist;
				LD_RUNPATH_SEARCH_PATHS = (
					"$(inherited)",
					"@executable_path/../Frameworks",
				);
				PRODUCT_BUNDLE_IDENTIFIER = org.tmd.vocalTextEdit;
				PRODUCT_NAME = "$(TARGET_NAME)";
				SWIFT_VERSION = 4.2;
			};
			name = Debug;
		};
		9EDDA510216F9C0600E2B354 /* Release */ = {
			isa = XCBuildConfiguration;
			buildSettings = {
				ASSETCATALOG_COMPILER_APPICON_NAME = AppIcon;
				CODE_SIGN_ENTITLEMENTS = vocalTextEdit/vocalTextEdit.entitlements;
				CODE_SIGN_STYLE = Automatic;
				COMBINE_HIDPI_IMAGES = YES;
				INFOPLIST_FILE = vocalTextEdit/Info.plist;
				LD_RUNPATH_SEARCH_PATHS = (
					"$(inherited)",
					"@executable_path/../Frameworks",
				);
				PRODUCT_BUNDLE_IDENTIFIER = org.tmd.vocalTextEdit;
				PRODUCT_NAME = "$(TARGET_NAME)";
				SWIFT_VERSION = 4.2;
			};
			name = Release;
		};
/* End XCBuildConfiguration section */

/* Begin XCConfigurationList section */
		9EDDA4F7216F9C0400E2B354 /* Build configuration list for PBXProject "vocalTextEdit" */ = {
			isa = XCConfigurationList;
			buildConfigurations = (
				9EDDA50C216F9C0600E2B354 /* Debug */,
				9EDDA50D216F9C0600E2B354 /* Release */,
			);
			defaultConfigurationIsVisible = 0;
			defaultConfigurationName = Release;
		};
		9EDDA50E216F9C0600E2B354 /* Build configuration list for PBXNativeTarget "vocalTextEdit" */ = {
			isa = XCConfigurationList;
			buildConfigurations = (
				9EDDA50F216F9C0600E2B354 /* Debug */,
				9EDDA510216F9C0600E2B354 /* Release */,
			);
			defaultConfigurationIsVisible = 0;
			defaultConfigurationName = Release;
		};
/* End XCConfigurationList section */
	};
	rootObject = 9EDDA4F4216F9C0400E2B354 /* Project object */;
}
